// !$*UTF8*$!
{
	archiveVersion = 1;
	classes = {
	};
	objectVersion = 50;
	objects = {

/* Begin PBXBuildFile section */
		A9107E3A26B2C18500116AEF /* FirstViewModel.swift in Sources */ = {isa = PBXBuildFile; fileRef = A9107E3926B2C18500116AEF /* FirstViewModel.swift */; };
		A9107E3E26B4036800116AEF /* Coordinator.swift in Sources */ = {isa = PBXBuildFile; fileRef = A9107E3D26B4036800116AEF /* Coordinator.swift */; };
		A9107E4126B42BEA00116AEF /* MainCoordinator.swift in Sources */ = {isa = PBXBuildFile; fileRef = A9107E4026B42BEA00116AEF /* MainCoordinator.swift */; };
		A9107E4426B4359F00116AEF /* SecondViewController.swift in Sources */ = {isa = PBXBuildFile; fileRef = A9107E4326B4359F00116AEF /* SecondViewController.swift */; };
		A9107E4626B4361800116AEF /* SecondViewModel.swift in Sources */ = {isa = PBXBuildFile; fileRef = A9107E4526B4361800116AEF /* SecondViewModel.swift */; };
		A9107E4D26B54C7200116AEF /* ThirdViewController.swift in Sources */ = {isa = PBXBuildFile; fileRef = A9107E4C26B54C7200116AEF /* ThirdViewController.swift */; };
		A9107E4F26B54C7A00116AEF /* ThirdViewModel.swift in Sources */ = {isa = PBXBuildFile; fileRef = A9107E4E26B54C7A00116AEF /* ThirdViewModel.swift */; };
		A9107E5626B562E900116AEF /* ForthView.swift in Sources */ = {isa = PBXBuildFile; fileRef = A9107E5526B562E900116AEF /* ForthView.swift */; };
		A9107E5C26B573D300116AEF /* ForthViewModel.swift in Sources */ = {isa = PBXBuildFile; fileRef = A9107E5B26B573D300116AEF /* ForthViewModel.swift */; };
		A9107E5F26B6836D00116AEF /* FifthView.swift in Sources */ = {isa = PBXBuildFile; fileRef = A9107E5E26B6836D00116AEF /* FifthView.swift */; };
		A9107E6326B6839700116AEF /* FifthViewModel.swift in Sources */ = {isa = PBXBuildFile; fileRef = A9107E6226B6839700116AEF /* FifthViewModel.swift */; };
		A92E9DDB26B8279B00D69CE8 /* BaseUIViewController.swift in Sources */ = {isa = PBXBuildFile; fileRef = A92E9DDA26B8279B00D69CE8 /* BaseUIViewController.swift */; };
		A92E9DE226B91F8D00D69CE8 /* MainTabBarController.swift in Sources */ = {isa = PBXBuildFile; fileRef = A92E9DE126B91F8D00D69CE8 /* MainTabBarController.swift */; };
		A92E9DE426B93FA500D69CE8 /* BaseUIHostingController.swift in Sources */ = {isa = PBXBuildFile; fileRef = A92E9DE326B93FA500D69CE8 /* BaseUIHostingController.swift */; };
		A92E9DEB26B9461B00D69CE8 /* ColorCoordinator.swift in Sources */ = {isa = PBXBuildFile; fileRef = A92E9DEA26B9461B00D69CE8 /* ColorCoordinator.swift */; };
		A92E9DEF26B9475D00D69CE8 /* GreenViewModel.swift in Sources */ = {isa = PBXBuildFile; fileRef = A92E9DEE26B9475D00D69CE8 /* GreenViewModel.swift */; };
		A92E9DF126B9476700D69CE8 /* GreenView.swift in Sources */ = {isa = PBXBuildFile; fileRef = A92E9DF026B9476700D69CE8 /* GreenView.swift */; };
		A92E9DF426B949C200D69CE8 /* YellowView.swift in Sources */ = {isa = PBXBuildFile; fileRef = A92E9DF326B949C200D69CE8 /* YellowView.swift */; };
		A92E9DF626B949E100D69CE8 /* YellowViewModel.swift in Sources */ = {isa = PBXBuildFile; fileRef = A92E9DF526B949E100D69CE8 /* YellowViewModel.swift */; };
		A9B01E842696E14900411047 /* AppDelegate.swift in Sources */ = {isa = PBXBuildFile; fileRef = A9B01E832696E14900411047 /* AppDelegate.swift */; };
		A9B01E862696E14900411047 /* SceneDelegate.swift in Sources */ = {isa = PBXBuildFile; fileRef = A9B01E852696E14900411047 /* SceneDelegate.swift */; };
		A9B01E882696E14900411047 /* FirstViewController.swift in Sources */ = {isa = PBXBuildFile; fileRef = A9B01E872696E14900411047 /* FirstViewController.swift */; };
		A9B01E8D2696E14A00411047 /* Assets.xcassets in Resources */ = {isa = PBXBuildFile; fileRef = A9B01E8C2696E14A00411047 /* Assets.xcassets */; };
		A9B01E902696E14A00411047 /* LaunchScreen.storyboard in Resources */ = {isa = PBXBuildFile; fileRef = A9B01E8E2696E14A00411047 /* LaunchScreen.storyboard */; };
		A9B01E992696E1B000411047 /* Layout.swift in Sources */ = {isa = PBXBuildFile; fileRef = A9B01E982696E1B000411047 /* Layout.swift */; };
		A9B01E9B2696E1E900411047 /* Constants.swift in Sources */ = {isa = PBXBuildFile; fileRef = A9B01E9A2696E1E900411047 /* Constants.swift */; };
		A9B01E9D2696E2B200411047 /* LayoutFactory.swift in Sources */ = {isa = PBXBuildFile; fileRef = A9B01E9C2696E2B200411047 /* LayoutFactory.swift */; };
		A9B01EA02696E45000411047 /* TwoSidedTextCell.swift in Sources */ = {isa = PBXBuildFile; fileRef = A9B01E9F2696E45000411047 /* TwoSidedTextCell.swift */; };
/* End PBXBuildFile section */

/* Begin PBXFileReference section */
		A9107E3926B2C18500116AEF /* FirstViewModel.swift */ = {isa = PBXFileReference; lastKnownFileType = sourcecode.swift; path = FirstViewModel.swift; sourceTree = "<group>"; };
		A9107E3D26B4036800116AEF /* Coordinator.swift */ = {isa = PBXFileReference; lastKnownFileType = sourcecode.swift; path = Coordinator.swift; sourceTree = "<group>"; };
		A9107E4026B42BEA00116AEF /* MainCoordinator.swift */ = {isa = PBXFileReference; lastKnownFileType = sourcecode.swift; path = MainCoordinator.swift; sourceTree = "<group>"; };
		A9107E4326B4359F00116AEF /* SecondViewController.swift */ = {isa = PBXFileReference; lastKnownFileType = sourcecode.swift; path = SecondViewController.swift; sourceTree = "<group>"; };
		A9107E4526B4361800116AEF /* SecondViewModel.swift */ = {isa = PBXFileReference; lastKnownFileType = sourcecode.swift; path = SecondViewModel.swift; sourceTree = "<group>"; };
		A9107E4C26B54C7200116AEF /* ThirdViewController.swift */ = {isa = PBXFileReference; lastKnownFileType = sourcecode.swift; path = ThirdViewController.swift; sourceTree = "<group>"; };
		A9107E4E26B54C7A00116AEF /* ThirdViewModel.swift */ = {isa = PBXFileReference; lastKnownFileType = sourcecode.swift; path = ThirdViewModel.swift; sourceTree = "<group>"; };
		A9107E5526B562E900116AEF /* ForthView.swift */ = {isa = PBXFileReference; lastKnownFileType = sourcecode.swift; path = ForthView.swift; sourceTree = "<group>"; };
		A9107E5B26B573D300116AEF /* ForthViewModel.swift */ = {isa = PBXFileReference; lastKnownFileType = sourcecode.swift; path = ForthViewModel.swift; sourceTree = "<group>"; };
		A9107E5E26B6836D00116AEF /* FifthView.swift */ = {isa = PBXFileReference; lastKnownFileType = sourcecode.swift; path = FifthView.swift; sourceTree = "<group>"; };
		A9107E6226B6839700116AEF /* FifthViewModel.swift */ = {isa = PBXFileReference; lastKnownFileType = sourcecode.swift; path = FifthViewModel.swift; sourceTree = "<group>"; };
		A92E9DDA26B8279B00D69CE8 /* BaseUIViewController.swift */ = {isa = PBXFileReference; lastKnownFileType = sourcecode.swift; path = BaseUIViewController.swift; sourceTree = "<group>"; };
		A92E9DE126B91F8D00D69CE8 /* MainTabBarController.swift */ = {isa = PBXFileReference; lastKnownFileType = sourcecode.swift; path = MainTabBarController.swift; sourceTree = "<group>"; };
		A92E9DE326B93FA500D69CE8 /* BaseUIHostingController.swift */ = {isa = PBXFileReference; lastKnownFileType = sourcecode.swift; path = BaseUIHostingController.swift; sourceTree = "<group>"; };
		A92E9DEA26B9461B00D69CE8 /* ColorCoordinator.swift */ = {isa = PBXFileReference; lastKnownFileType = sourcecode.swift; path = ColorCoordinator.swift; sourceTree = "<group>"; };
		A92E9DEE26B9475D00D69CE8 /* GreenViewModel.swift */ = {isa = PBXFileReference; lastKnownFileType = sourcecode.swift; path = GreenViewModel.swift; sourceTree = "<group>"; };
		A92E9DF026B9476700D69CE8 /* GreenView.swift */ = {isa = PBXFileReference; lastKnownFileType = sourcecode.swift; path = GreenView.swift; sourceTree = "<group>"; };
		A92E9DF326B949C200D69CE8 /* YellowView.swift */ = {isa = PBXFileReference; lastKnownFileType = sourcecode.swift; path = YellowView.swift; sourceTree = "<group>"; };
		A92E9DF526B949E100D69CE8 /* YellowViewModel.swift */ = {isa = PBXFileReference; lastKnownFileType = sourcecode.swift; path = YellowViewModel.swift; sourceTree = "<group>"; };
		A9B01E802696E14900411047 /* TestProject.app */ = {isa = PBXFileReference; explicitFileType = wrapper.application; includeInIndex = 0; path = TestProject.app; sourceTree = BUILT_PRODUCTS_DIR; };
		A9B01E832696E14900411047 /* AppDelegate.swift */ = {isa = PBXFileReference; lastKnownFileType = sourcecode.swift; path = AppDelegate.swift; sourceTree = "<group>"; };
		A9B01E852696E14900411047 /* SceneDelegate.swift */ = {isa = PBXFileReference; lastKnownFileType = sourcecode.swift; path = SceneDelegate.swift; sourceTree = "<group>"; };
		A9B01E872696E14900411047 /* FirstViewController.swift */ = {isa = PBXFileReference; lastKnownFileType = sourcecode.swift; path = FirstViewController.swift; sourceTree = "<group>"; };
		A9B01E8C2696E14A00411047 /* Assets.xcassets */ = {isa = PBXFileReference; lastKnownFileType = folder.assetcatalog; path = Assets.xcassets; sourceTree = "<group>"; };
		A9B01E8F2696E14A00411047 /* Base */ = {isa = PBXFileReference; lastKnownFileType = file.storyboard; name = Base; path = Base.lproj/LaunchScreen.storyboard; sourceTree = "<group>"; };
		A9B01E912696E14A00411047 /* Info.plist */ = {isa = PBXFileReference; lastKnownFileType = text.plist.xml; path = Info.plist; sourceTree = "<group>"; };
		A9B01E982696E1B000411047 /* Layout.swift */ = {isa = PBXFileReference; lastKnownFileType = sourcecode.swift; path = Layout.swift; sourceTree = "<group>"; };
		A9B01E9A2696E1E900411047 /* Constants.swift */ = {isa = PBXFileReference; lastKnownFileType = sourcecode.swift; path = Constants.swift; sourceTree = "<group>"; };
		A9B01E9C2696E2B200411047 /* LayoutFactory.swift */ = {isa = PBXFileReference; lastKnownFileType = sourcecode.swift; path = LayoutFactory.swift; sourceTree = "<group>"; };
		A9B01E9F2696E45000411047 /* TwoSidedTextCell.swift */ = {isa = PBXFileReference; lastKnownFileType = sourcecode.swift; path = TwoSidedTextCell.swift; sourceTree = "<group>"; };
/* End PBXFileReference section */

/* Begin PBXFrameworksBuildPhase section */
		A9B01E7D2696E14900411047 /* Frameworks */ = {
			isa = PBXFrameworksBuildPhase;
			buildActionMask = 2147483647;
			files = (
			);
			runOnlyForDeploymentPostprocessing = 0;
		};
/* End PBXFrameworksBuildPhase section */

/* Begin PBXGroup section */
		A9107E3626B2BDE900116AEF /* Views */ = {
			isa = PBXGroup;
			children = (
				A92E9DD926B8278300D69CE8 /* Base */,
				A92E9DE026B91F7A00D69CE8 /* TabBarController */,
				A92E9DF226B9499900D69CE8 /* YellowView */,
				A92E9DED26B9472400D69CE8 /* GreenView */,
				A9107E5D26B6834E00116AEF /* FifthView */,
				A9107E5426B562D800116AEF /* ForthView */,
				A9107E4B26B54C6500116AEF /* ThirdView */,
				A9107E4226B4358D00116AEF /* SecondView */,
				A9107E3826B2BF5F00116AEF /* FirstView */,
			);
			path = Views;
			sourceTree = "<group>";
		};
		A9107E3826B2BF5F00116AEF /* FirstView */ = {
			isa = PBXGroup;
			children = (
				A9B01E872696E14900411047 /* FirstViewController.swift */,
				A9107E3926B2C18500116AEF /* FirstViewModel.swift */,
			);
			path = FirstView;
			sourceTree = "<group>";
		};
		A9107E3B26B4035200116AEF /* Protocols */ = {
			isa = PBXGroup;
			children = (
				A9107E3C26B4035800116AEF /* Coordinator */,
			);
			path = Protocols;
			sourceTree = "<group>";
		};
		A9107E3C26B4035800116AEF /* Coordinator */ = {
			isa = PBXGroup;
			children = (
				A9107E3D26B4036800116AEF /* Coordinator.swift */,
			);
			path = Coordinator;
			sourceTree = "<group>";
		};
		A9107E3F26B42BD800116AEF /* Coordinators */ = {
			isa = PBXGroup;
			children = (
				A9107E4026B42BEA00116AEF /* MainCoordinator.swift */,
				A92E9DEA26B9461B00D69CE8 /* ColorCoordinator.swift */,
			);
			path = Coordinators;
			sourceTree = "<group>";
		};
		A9107E4226B4358D00116AEF /* SecondView */ = {
			isa = PBXGroup;
			children = (
				A9107E4326B4359F00116AEF /* SecondViewController.swift */,
				A9107E4526B4361800116AEF /* SecondViewModel.swift */,
			);
			path = SecondView;
			sourceTree = "<group>";
		};
		A9107E4B26B54C6500116AEF /* ThirdView */ = {
			isa = PBXGroup;
			children = (
				A9107E4C26B54C7200116AEF /* ThirdViewController.swift */,
				A9107E4E26B54C7A00116AEF /* ThirdViewModel.swift */,
			);
			path = ThirdView;
			sourceTree = "<group>";
		};
		A9107E5426B562D800116AEF /* ForthView */ = {
			isa = PBXGroup;
			children = (
				A9107E5526B562E900116AEF /* ForthView.swift */,
				A9107E5B26B573D300116AEF /* ForthViewModel.swift */,
			);
			path = ForthView;
			sourceTree = "<group>";
		};
		A9107E5D26B6834E00116AEF /* FifthView */ = {
			isa = PBXGroup;
			children = (
				A9107E5E26B6836D00116AEF /* FifthView.swift */,
				A9107E6226B6839700116AEF /* FifthViewModel.swift */,
			);
			path = FifthView;
			sourceTree = "<group>";
		};
		A92E9DD926B8278300D69CE8 /* Base */ = {
			isa = PBXGroup;
			children = (
				A92E9DDA26B8279B00D69CE8 /* BaseUIViewController.swift */,
				A92E9DE326B93FA500D69CE8 /* BaseUIHostingController.swift */,
			);
			path = Base;
			sourceTree = "<group>";
		};
		A92E9DE026B91F7A00D69CE8 /* TabBarController */ = {
			isa = PBXGroup;
			children = (
				A92E9DE126B91F8D00D69CE8 /* MainTabBarController.swift */,
			);
			path = TabBarController;
			sourceTree = "<group>";
		};
		A92E9DED26B9472400D69CE8 /* GreenView */ = {
			isa = PBXGroup;
			children = (
				A92E9DEE26B9475D00D69CE8 /* GreenViewModel.swift */,
				A92E9DF026B9476700D69CE8 /* GreenView.swift */,
			);
			path = GreenView;
			sourceTree = "<group>";
		};
		A92E9DF226B9499900D69CE8 /* YellowView */ = {
			isa = PBXGroup;
			children = (
				A92E9DF326B949C200D69CE8 /* YellowView.swift */,
				A92E9DF526B949E100D69CE8 /* YellowViewModel.swift */,
			);
			path = YellowView;
			sourceTree = "<group>";
		};
		A9B01E772696E14900411047 = {
			isa = PBXGroup;
			children = (
				A9B01E822696E14900411047 /* TestProject */,
				A9B01E812696E14900411047 /* Products */,
			);
			sourceTree = "<group>";
		};
		A9B01E812696E14900411047 /* Products */ = {
			isa = PBXGroup;
			children = (
				A9B01E802696E14900411047 /* TestProject.app */,
			);
			name = Products;
			sourceTree = "<group>";
		};
		A9B01E822696E14900411047 /* TestProject */ = {
			isa = PBXGroup;
			children = (
				A9107E3F26B42BD800116AEF /* Coordinators */,
				A9107E3B26B4035200116AEF /* Protocols */,
				A9107E3626B2BDE900116AEF /* Views */,
				A9B01E9E2696E40800411047 /* Cells */,
				A9B01E972696E19C00411047 /* Utility */,
				A9B01E832696E14900411047 /* AppDelegate.swift */,
				A9B01E852696E14900411047 /* SceneDelegate.swift */,
				A9B01E8C2696E14A00411047 /* Assets.xcassets */,
				A9B01E8E2696E14A00411047 /* LaunchScreen.storyboard */,
				A9B01E912696E14A00411047 /* Info.plist */,
			);
			path = TestProject;
			sourceTree = "<group>";
		};
		A9B01E972696E19C00411047 /* Utility */ = {
			isa = PBXGroup;
			children = (
				A9B01E982696E1B000411047 /* Layout.swift */,
				A9B01E9A2696E1E900411047 /* Constants.swift */,
				A9B01E9C2696E2B200411047 /* LayoutFactory.swift */,
			);
			path = Utility;
			sourceTree = "<group>";
		};
		A9B01E9E2696E40800411047 /* Cells */ = {
			isa = PBXGroup;
			children = (
				A9B01E9F2696E45000411047 /* TwoSidedTextCell.swift */,
			);
			path = Cells;
			sourceTree = "<group>";
		};
/* End PBXGroup section */

/* Begin PBXNativeTarget section */
		A9B01E7F2696E14900411047 /* TestProject */ = {
			isa = PBXNativeTarget;
			buildConfigurationList = A9B01E942696E14A00411047 /* Build configuration list for PBXNativeTarget "TestProject" */;
			buildPhases = (
				A9B01E7C2696E14900411047 /* Sources */,
				A9B01E7D2696E14900411047 /* Frameworks */,
				A9B01E7E2696E14900411047 /* Resources */,
			);
			buildRules = (
			);
			dependencies = (
			);
			name = TestProject;
			productName = TestProject;
			productReference = A9B01E802696E14900411047 /* TestProject.app */;
			productType = "com.apple.product-type.application";
		};
/* End PBXNativeTarget section */

/* Begin PBXProject section */
		A9B01E782696E14900411047 /* Project object */ = {
			isa = PBXProject;
			attributes = {
				LastSwiftUpdateCheck = 1250;
				LastUpgradeCheck = 1250;
				TargetAttributes = {
					A9B01E7F2696E14900411047 = {
						CreatedOnToolsVersion = 12.5;
					};
				};
			};
			buildConfigurationList = A9B01E7B2696E14900411047 /* Build configuration list for PBXProject "TestProject" */;
			compatibilityVersion = "Xcode 9.3";
			developmentRegion = en;
			hasScannedForEncodings = 0;
			knownRegions = (
				en,
				Base,
			);
			mainGroup = A9B01E772696E14900411047;
			productRefGroup = A9B01E812696E14900411047 /* Products */;
			projectDirPath = "";
			projectRoot = "";
			targets = (
				A9B01E7F2696E14900411047 /* TestProject */,
			);
		};
/* End PBXProject section */

/* Begin PBXResourcesBuildPhase section */
		A9B01E7E2696E14900411047 /* Resources */ = {
			isa = PBXResourcesBuildPhase;
			buildActionMask = 2147483647;
			files = (
				A9B01E902696E14A00411047 /* LaunchScreen.storyboard in Resources */,
				A9B01E8D2696E14A00411047 /* Assets.xcassets in Resources */,
			);
			runOnlyForDeploymentPostprocessing = 0;
		};
/* End PBXResourcesBuildPhase section */

/* Begin PBXSourcesBuildPhase section */
		A9B01E7C2696E14900411047 /* Sources */ = {
			isa = PBXSourcesBuildPhase;
			buildActionMask = 2147483647;
			files = (
				A9107E4426B4359F00116AEF /* SecondViewController.swift in Sources */,
				A92E9DEF26B9475D00D69CE8 /* GreenViewModel.swift in Sources */,
				A9B01EA02696E45000411047 /* TwoSidedTextCell.swift in Sources */,
				A9107E5626B562E900116AEF /* ForthView.swift in Sources */,
				A9B01E9D2696E2B200411047 /* LayoutFactory.swift in Sources */,
				A9107E5F26B6836D00116AEF /* FifthView.swift in Sources */,
				A92E9DF126B9476700D69CE8 /* GreenView.swift in Sources */,
				A9107E3A26B2C18500116AEF /* FirstViewModel.swift in Sources */,
				A92E9DEB26B9461B00D69CE8 /* ColorCoordinator.swift in Sources */,
				A92E9DE226B91F8D00D69CE8 /* MainTabBarController.swift in Sources */,
				A92E9DF626B949E100D69CE8 /* YellowViewModel.swift in Sources */,
				A9107E4626B4361800116AEF /* SecondViewModel.swift in Sources */,
				A92E9DE426B93FA500D69CE8 /* BaseUIHostingController.swift in Sources */,
				A9B01E9B2696E1E900411047 /* Constants.swift in Sources */,
				A9107E4F26B54C7A00116AEF /* ThirdViewModel.swift in Sources */,
				A9107E5C26B573D300116AEF /* ForthViewModel.swift in Sources */,
				A9107E4D26B54C7200116AEF /* ThirdViewController.swift in Sources */,
				A9107E6326B6839700116AEF /* FifthViewModel.swift in Sources */,
				A9107E4126B42BEA00116AEF /* MainCoordinator.swift in Sources */,
				A9B01E882696E14900411047 /* FirstViewController.swift in Sources */,
				A9B01E992696E1B000411047 /* Layout.swift in Sources */,
				A9B01E842696E14900411047 /* AppDelegate.swift in Sources */,
				A92E9DF426B949C200D69CE8 /* YellowView.swift in Sources */,
				A9B01E862696E14900411047 /* SceneDelegate.swift in Sources */,
				A9107E3E26B4036800116AEF /* Coordinator.swift in Sources */,
				A92E9DDB26B8279B00D69CE8 /* BaseUIViewController.swift in Sources */,
			);
			runOnlyForDeploymentPostprocessing = 0;
		};
/* End PBXSourcesBuildPhase section */

/* Begin PBXVariantGroup section */
		A9B01E8E2696E14A00411047 /* LaunchScreen.storyboard */ = {
			isa = PBXVariantGroup;
			children = (
				A9B01E8F2696E14A00411047 /* Base */,
			);
			name = LaunchScreen.storyboard;
			sourceTree = "<group>";
		};
/* End PBXVariantGroup section */

/* Begin XCBuildConfiguration section */
		A9B01E922696E14A00411047 /* Debug */ = {
			isa = XCBuildConfiguration;
			buildSettings = {
				ALWAYS_SEARCH_USER_PATHS = NO;
				CLANG_ANALYZER_NONNULL = YES;
				CLANG_ANALYZER_NUMBER_OBJECT_CONVERSION = YES_AGGRESSIVE;
				CLANG_CXX_LANGUAGE_STANDARD = "gnu++14";
				CLANG_CXX_LIBRARY = "libc++";
				CLANG_ENABLE_MODULES = YES;
				CLANG_ENABLE_OBJC_ARC = YES;
				CLANG_ENABLE_OBJC_WEAK = YES;
				CLANG_WARN_BLOCK_CAPTURE_AUTORELEASING = YES;
				CLANG_WARN_BOOL_CONVERSION = YES;
				CLANG_WARN_COMMA = YES;
				CLANG_WARN_CONSTANT_CONVERSION = YES;
				CLANG_WARN_DEPRECATED_OBJC_IMPLEMENTATIONS = YES;
				CLANG_WARN_DIRECT_OBJC_ISA_USAGE = YES_ERROR;
				CLANG_WARN_DOCUMENTATION_COMMENTS = YES;
				CLANG_WARN_EMPTY_BODY = YES;
				CLANG_WARN_ENUM_CONVERSION = YES;
				CLANG_WARN_INFINITE_RECURSION = YES;
				CLANG_WARN_INT_CONVERSION = YES;
				CLANG_WARN_NON_LITERAL_NULL_CONVERSION = YES;
				CLANG_WARN_OBJC_IMPLICIT_RETAIN_SELF = YES;
				CLANG_WARN_OBJC_LITERAL_CONVERSION = YES;
				CLANG_WARN_OBJC_ROOT_CLASS = YES_ERROR;
				CLANG_WARN_QUOTED_INCLUDE_IN_FRAMEWORK_HEADER = YES;
				CLANG_WARN_RANGE_LOOP_ANALYSIS = YES;
				CLANG_WARN_STRICT_PROTOTYPES = YES;
				CLANG_WARN_SUSPICIOUS_MOVE = YES;
				CLANG_WARN_UNGUARDED_AVAILABILITY = YES_AGGRESSIVE;
				CLANG_WARN_UNREACHABLE_CODE = YES;
				CLANG_WARN__DUPLICATE_METHOD_MATCH = YES;
				COPY_PHASE_STRIP = NO;
				DEBUG_INFORMATION_FORMAT = dwarf;
				ENABLE_STRICT_OBJC_MSGSEND = YES;
				ENABLE_TESTABILITY = YES;
				GCC_C_LANGUAGE_STANDARD = gnu11;
				GCC_DYNAMIC_NO_PIC = NO;
				GCC_NO_COMMON_BLOCKS = YES;
				GCC_OPTIMIZATION_LEVEL = 0;
				GCC_PREPROCESSOR_DEFINITIONS = (
					"DEBUG=1",
					"$(inherited)",
				);
				GCC_WARN_64_TO_32_BIT_CONVERSION = YES;
				GCC_WARN_ABOUT_RETURN_TYPE = YES_ERROR;
				GCC_WARN_UNDECLARED_SELECTOR = YES;
				GCC_WARN_UNINITIALIZED_AUTOS = YES_AGGRESSIVE;
				GCC_WARN_UNUSED_FUNCTION = YES;
				GCC_WARN_UNUSED_VARIABLE = YES;
				IPHONEOS_DEPLOYMENT_TARGET = 14.5;
				MTL_ENABLE_DEBUG_INFO = INCLUDE_SOURCE;
				MTL_FAST_MATH = YES;
				ONLY_ACTIVE_ARCH = YES;
				SDKROOT = iphoneos;
				SWIFT_ACTIVE_COMPILATION_CONDITIONS = DEBUG;
				SWIFT_OPTIMIZATION_LEVEL = "-Onone";
			};
			name = Debug;
		};
		A9B01E932696E14A00411047 /* Release */ = {
			isa = XCBuildConfiguration;
			buildSettings = {
				ALWAYS_SEARCH_USER_PATHS = NO;
				CLANG_ANALYZER_NONNULL = YES;
				CLANG_ANALYZER_NUMBER_OBJECT_CONVERSION = YES_AGGRESSIVE;
				CLANG_CXX_LANGUAGE_STANDARD = "gnu++14";
				CLANG_CXX_LIBRARY = "libc++";
				CLANG_ENABLE_MODULES = YES;
				CLANG_ENABLE_OBJC_ARC = YES;
				CLANG_ENABLE_OBJC_WEAK = YES;
				CLANG_WARN_BLOCK_CAPTURE_AUTORELEASING = YES;
				CLANG_WARN_BOOL_CONVERSION = YES;
				CLANG_WARN_COMMA = YES;
				CLANG_WARN_CONSTANT_CONVERSION = YES;
				CLANG_WARN_DEPRECATED_OBJC_IMPLEMENTATIONS = YES;
				CLANG_WARN_DIRECT_OBJC_ISA_USAGE = YES_ERROR;
				CLANG_WARN_DOCUMENTATION_COMMENTS = YES;
				CLANG_WARN_EMPTY_BODY = YES;
				CLANG_WARN_ENUM_CONVERSION = YES;
				CLANG_WARN_INFINITE_RECURSION = YES;
				CLANG_WARN_INT_CONVERSION = YES;
				CLANG_WARN_NON_LITERAL_NULL_CONVERSION = YES;
				CLANG_WARN_OBJC_IMPLICIT_RETAIN_SELF = YES;
				CLANG_WARN_OBJC_LITERAL_CONVERSION = YES;
				CLANG_WARN_OBJC_ROOT_CLASS = YES_ERROR;
				CLANG_WARN_QUOTED_INCLUDE_IN_FRAMEWORK_HEADER = YES;
				CLANG_WARN_RANGE_LOOP_ANALYSIS = YES;
				CLANG_WARN_STRICT_PROTOTYPES = YES;
				CLANG_WARN_SUSPICIOUS_MOVE = YES;
				CLANG_WARN_UNGUARDED_AVAILABILITY = YES_AGGRESSIVE;
				CLANG_WARN_UNREACHABLE_CODE = YES;
				CLANG_WARN__DUPLICATE_METHOD_MATCH = YES;
				COPY_PHASE_STRIP = NO;
				DEBUG_INFORMATION_FORMAT = "dwarf-with-dsym";
				ENABLE_NS_ASSERTIONS = NO;
				ENABLE_STRICT_OBJC_MSGSEND = YES;
				GCC_C_LANGUAGE_STANDARD = gnu11;
				GCC_NO_COMMON_BLOCKS = YES;
				GCC_WARN_64_TO_32_BIT_CONVERSION = YES;
				GCC_WARN_ABOUT_RETURN_TYPE = YES_ERROR;
				GCC_WARN_UNDECLARED_SELECTOR = YES;
				GCC_WARN_UNINITIALIZED_AUTOS = YES_AGGRESSIVE;
				GCC_WARN_UNUSED_FUNCTION = YES;
				GCC_WARN_UNUSED_VARIABLE = YES;
				IPHONEOS_DEPLOYMENT_TARGET = 14.5;
				MTL_ENABLE_DEBUG_INFO = NO;
				MTL_FAST_MATH = YES;
				SDKROOT = iphoneos;
				SWIFT_COMPILATION_MODE = wholemodule;
				SWIFT_OPTIMIZATION_LEVEL = "-O";
				VALIDATE_PRODUCT = YES;
			};
			name = Release;
		};
		A9B01E952696E14A00411047 /* Debug */ = {
			isa = XCBuildConfiguration;
			buildSettings = {
				ASSETCATALOG_COMPILER_APPICON_NAME = AppIcon;
				ASSETCATALOG_COMPILER_GLOBAL_ACCENT_COLOR_NAME = AccentColor;
				CODE_SIGN_STYLE = Automatic;
				DEVELOPMENT_TEAM = 9KKEDA9RJ4;
				INFOPLIST_FILE = TestProject/Info.plist;
				LD_RUNPATH_SEARCH_PATHS = (
					"$(inherited)",
					"@executable_path/Frameworks",
				);
				PRODUCT_BUNDLE_IDENTIFIER = com.trevita.TestProject;
				PRODUCT_NAME = "$(TARGET_NAME)";
				SWIFT_VERSION = 5.0;
				TARGETED_DEVICE_FAMILY = "1,2";
			};
			name = Debug;
		};
		A9B01E962696E14A00411047 /* Release */ = {
			isa = XCBuildConfiguration;
			buildSettings = {
				ASSETCATALOG_COMPILER_APPICON_NAME = AppIcon;
				ASSETCATALOG_COMPILER_GLOBAL_ACCENT_COLOR_NAME = AccentColor;
				CODE_SIGN_STYLE = Automatic;
				DEVELOPMENT_TEAM = 9KKEDA9RJ4;
				INFOPLIST_FILE = TestProject/Info.plist;
				LD_RUNPATH_SEARCH_PATHS = (
					"$(inherited)",
					"@executable_path/Frameworks",
				);
				PRODUCT_BUNDLE_IDENTIFIER = com.trevita.TestProject;
				PRODUCT_NAME = "$(TARGET_NAME)";
				SWIFT_VERSION = 5.0;
				TARGETED_DEVICE_FAMILY = "1,2";
			};
			name = Release;
		};
/* End XCBuildConfiguration section */

/* Begin XCConfigurationList section */
		A9B01E7B2696E14900411047 /* Build configuration list for PBXProject "TestProject" */ = {
			isa = XCConfigurationList;
			buildConfigurations = (
				A9B01E922696E14A00411047 /* Debug */,
				A9B01E932696E14A00411047 /* Release */,
			);
			defaultConfigurationIsVisible = 0;
			defaultConfigurationName = Release;
		};
		A9B01E942696E14A00411047 /* Build configuration list for PBXNativeTarget "TestProject" */ = {
			isa = XCConfigurationList;
			buildConfigurations = (
				A9B01E952696E14A00411047 /* Debug */,
				A9B01E962696E14A00411047 /* Release */,
			);
			defaultConfigurationIsVisible = 0;
			defaultConfigurationName = Release;
		};
/* End XCConfigurationList section */
	};
	rootObject = A9B01E782696E14900411047 /* Project object */;
}
